
Microsoft Visual Studio Solution File, Format Version 12.00
# Visual Studio Version 16
VisualStudioVersion = 16.0.30804.86
MinimumVisualStudioVersion = 10.0.40219.1
Project("{FAE04EC0-301F-11D3-BF4B-00C04F79EFBC}") = "azure-toolkit", "azure-toolkit.csproj", "{736BD443-73B4-4968-B506-AE6AD617BE04}"
EndProject
Global
	GlobalSection(SolutionConfigurationPlatforms) = preSolution
		Debug|Any CPU = Debug|Any CPU
		Release|Any CPU = Release|Any CPU
	EndGlobalSection
	GlobalSection(ProjectConfigurationPlatforms) = postSolution
		{736BD443-73B4-4968-B506-AE6AD617BE04}.Debug|Any CPU.ActiveCfg = Debug|Any CPU
		{736BD443-73B4-4968-B506-AE6AD617BE04}.Debug|Any CPU.Build.0 = Debug|Any CPU
		{736BD443-73B4-4968-B506-AE6AD617BE04}.Release|Any CPU.ActiveCfg = Release|Any CPU
		{736BD443-73B4-4968-B506-AE6AD617BE04}.Release|Any CPU.Build.0 = Release|Any CPU
	EndGlobalSection
	GlobalSection(SolutionProperties) = preSolution
		HideSolutionNode = FALSE
	EndGlobalSection
	GlobalSection(ExtensibilityGlobals) = postSolution
		SolutionGuid = {25D4BF06-7A4B-4709-A169-1A2EEF9058AB}
	EndGlobalSection
EndGlobal
